
Microsoft Visual Studio Solution File, Format Version 12.00
# Visual Studio Version 17
VisualStudioVersion = 17.7.34031.279
MinimumVisualStudioVersion = 10.0.40219.1
Project("{9A19103F-16F7-4668-BE54-9A1E7A4F7556}") = "Paint", "Paint\Paint.csproj", "{FDA5C662-E654-4905-9796-C3DDE0F8E214}"
EndProject
Project("{FAE04EC0-301F-11D3-BF4B-00C04F79EFBC}") = "Circle Game", "Circle Game\Circle Game.csproj", "{56326945-56B4-49F8-9470-9DA7D322AA49}"
EndProject
Global
	GlobalSection(SolutionConfigurationPlatforms) = preSolution
		Debug|Any CPU = Debug|Any CPU
		Release|Any CPU = Release|Any CPU
	EndGlobalSection
	GlobalSection(ProjectConfigurationPlatforms) = postSolution
		{FDA5C662-E654-4905-9796-C3DDE0F8E214}.Debug|Any CPU.ActiveCfg = Debug|Any CPU
		{FDA5C662-E654-4905-9796-C3DDE0F8E214}.Debug|Any CPU.Build.0 = Debug|Any CPU
		{FDA5C662-E654-4905-9796-C3DDE0F8E214}.Release|Any CPU.ActiveCfg = Release|Any CPU
		{FDA5C662-E654-4905-9796-C3DDE0F8E214}.Release|Any CPU.Build.0 = Release|Any CPU
		{56326945-56B4-49F8-9470-9DA7D322AA49}.Debug|Any CPU.ActiveCfg = Debug|Any CPU
		{56326945-56B4-49F8-9470-9DA7D322AA49}.Debug|Any CPU.Build.0 = Debug|Any CPU
		{56326945-56B4-49F8-9470-9DA7D322AA49}.Release|Any CPU.ActiveCfg = Release|Any CPU
		{56326945-56B4-49F8-9470-9DA7D322AA49}.Release|Any CPU.Build.0 = Release|Any CPU
	EndGlobalSection
	GlobalSection(SolutionProperties) = preSolution
		HideSolutionNode = FALSE
	EndGlobalSection
	GlobalSection(ExtensibilityGlobals) = postSolution
		SolutionGuid = {1009443C-EEA6-4794-88A1-D19DC39AB552}
	EndGlobalSection
EndGlobal
