
Microsoft Visual Studio Solution File, Format Version 12.00
# Visual Studio Version 17
VisualStudioVersion = 17.7.34031.279
MinimumVisualStudioVersion = 10.0.40219.1
Project("{FAE04EC0-301F-11D3-BF4B-00C04F79EFBC}") = "DownloadManager", "DownloadManager\DownloadManager.csproj", "{965DD88D-7B14-4955-B043-892DD63BFC97}"
EndProject
Global
	GlobalSection(SolutionConfigurationPlatforms) = preSolution
		Debug|Any CPU = Debug|Any CPU
		Release|Any CPU = Release|Any CPU
	EndGlobalSection
	GlobalSection(ProjectConfigurationPlatforms) = postSolution
		{965DD88D-7B14-4955-B043-892DD63BFC97}.Debug|Any CPU.ActiveCfg = Debug|Any CPU
		{965DD88D-7B14-4955-B043-892DD63BFC97}.Debug|Any CPU.Build.0 = Debug|Any CPU
		{965DD88D-7B14-4955-B043-892DD63BFC97}.Release|Any CPU.ActiveCfg = Release|Any CPU
		{965DD88D-7B14-4955-B043-892DD63BFC97}.Release|Any CPU.Build.0 = Release|Any CPU
	EndGlobalSection
	GlobalSection(SolutionProperties) = preSolution
		HideSolutionNode = FALSE
	EndGlobalSection
	GlobalSection(ExtensibilityGlobals) = postSolution
		SolutionGuid = {3C033F92-2A96-4771-8E0C-EF5567AD5838}
	EndGlobalSection
EndGlobal
